
Microsoft Visual Studio Solution File, Format Version 12.00
# Visual Studio Version 16
VisualStudioVersion = 16.0.34114.132
MinimumVisualStudioVersion = 10.0.40219.1
Project("{8BC9CEB8-8B4A-11D0-8D11-00A0C91BC942}") = "HDP01", "HDP01\HDP01.vcxproj", "{F3B6F23A-41D3-40D2-98E3-999FFA43D0E6}"
EndProject
Global
	GlobalSection(SolutionConfigurationPlatforms) = preSolution
		Debug|x64 = Debug|x64
		Debug|x86 = Debug|x86
		Release|x64 = Release|x64
		Release|x86 = Release|x86
	EndGlobalSection
	GlobalSection(ProjectConfigurationPlatforms) = postSolution
		{F3B6F23A-41D3-40D2-98E3-999FFA43D0E6}.Debug|x64.ActiveCfg = Debug|x64
		{F3B6F23A-41D3-40D2-98E3-999FFA43D0E6}.Debug|x64.Build.0 = Debug|x64
		{F3B6F23A-41D3-40D2-98E3-999FFA43D0E6}.Debug|x86.ActiveCfg = Debug|Win32
		{F3B6F23A-41D3-40D2-98E3-999FFA43D0E6}.Debug|x86.Build.0 = Debug|Win32
		{F3B6F23A-41D3-40D2-98E3-999FFA43D0E6}.Release|x64.ActiveCfg = Release|x64
		{F3B6F23A-41D3-40D2-98E3-999FFA43D0E6}.Release|x64.Build.0 = Release|x64
		{F3B6F23A-41D3-40D2-98E3-999FFA43D0E6}.Release|x86.ActiveCfg = Release|Win32
		{F3B6F23A-41D3-40D2-98E3-999FFA43D0E6}.Release|x86.Build.0 = Release|Win32
	EndGlobalSection
	GlobalSection(SolutionProperties) = preSolution
		HideSolutionNode = FALSE
	EndGlobalSection
	GlobalSection(ExtensibilityGlobals) = postSolution
		SolutionGuid = {69058657-E11A-4EFE-9497-157E1C1AC88A}
	EndGlobalSection
EndGlobal
